schema: '2.0'
stages:
  prepare:
    cmd: python src/prepare.py
    deps:
    - path: src/prepare.py
      hash: md5
      md5: 83ff08d181fbe0fdf09633e1c3cce9d0
      size: 554
    outs:
    - path: data/raw
      hash: md5
      md5: 5383716b35c38462a519ea40ff4752c3.dir
      size: 54950512
      nfiles: 4
  train:
    cmd: python src/train.py
    deps:
    - path: data/processed
      hash: md5
      md5: 9940d8305aa72a11361a3524c0173c9d.dir
      size: 219590768
      nfiles: 6
    - path: params.yaml
      hash: md5
      md5: 6842491d818c03b90d6d9700417948e7
      size: 204
    - path: src/train.py
      hash: md5
      md5: 5d7813a37b64e1e587363a1f8c58888b
      size: 1488
    params:
      params.yaml:
        train:
          units: 256
          dropout: 0.3
          learning_rate: 0.001
          epochs: 15
          batch_size: 64
          random_seed: 42
    outs:
    - path: models/model.h5
      hash: md5
      md5: 90f01aa29bf098eb18522f48cd135d5b
      size: 2466904
  evaluate:
    cmd: python src/evaluate.py
    deps:
    - path: data/processed
      hash: md5
      md5: 9940d8305aa72a11361a3524c0173c9d.dir
      size: 219590768
      nfiles: 6
    - path: models/model.h5
      hash: md5
      md5: 90f01aa29bf098eb18522f48cd135d5b
      size: 2466904
    - path: params.yaml
      hash: md5
      md5: 6842491d818c03b90d6d9700417948e7
      size: 204
    - path: src/evaluate.py
      hash: md5
      md5: fcb0a2a83f078ab82aaf19e3b85a91a4
      size: 1868
    params:
      params.yaml:
        evaluate:
          batch_size: 128
    outs:
    - path: metrics/confusion_matrix.png
      hash: md5
      md5: 43a35cb5e3694df6e8f62ada88557694
      size: 235962
    - path: metrics/metrics.json
      hash: md5
      md5: a6f23f3d2683f5075e2c7a6f13f97c3a
      size: 1101
  preprocess:
    cmd: python src/preprocess.py
    deps:
    - path: data/raw
      hash: md5
      md5: 5383716b35c38462a519ea40ff4752c3.dir
      size: 54950512
      nfiles: 4
    - path: params.yaml
      hash: md5
      md5: 6842491d818c03b90d6d9700417948e7
      size: 204
    - path: src/preprocess.py
      hash: md5
      md5: c0b746dba080e41c796857c63c314294
      size: 1028
    params:
      params.yaml:
        preprocess:
          val_split: 0.2
          random_seed: 42
    outs:
    - path: data/processed
      hash: md5
      md5: 9940d8305aa72a11361a3524c0173c9d.dir
      size: 219590768
      nfiles: 6
